
Microsoft Visual Studio Solution File, Format Version 11.00
# Visual Studio 2010
Project("{FAE04EC0-301F-11D3-BF4B-00C04F79EFBC}") = "Assembly-CSharp", "Assembly-CSharp.csproj", "{95c9676e-ef91-99df-a5f3-b932ca51e5da}"
EndProject
Project("{FAE04EC0-301F-11D3-BF4B-00C04F79EFBC}") = "NativeShare.Runtime", "NativeShare.Runtime.csproj", "{be828418-2b71-8aac-4729-afd9b917b76f}"
EndProject
Project("{FAE04EC0-301F-11D3-BF4B-00C04F79EFBC}") = "NativeGallery.Runtime", "NativeGallery.Runtime.csproj", "{057df5e2-9079-26e5-b742-7cbbae884a3b}"
EndProject
Project("{FAE04EC0-301F-11D3-BF4B-00C04F79EFBC}") = "Assembly-CSharp-Editor", "Assembly-CSharp-Editor.csproj", "{8a26fe12-0cfe-5d5b-e5a2-5e05b86d78f9}"
EndProject
Project("{FAE04EC0-301F-11D3-BF4B-00C04F79EFBC}") = "ScriptInspector", "ScriptInspector.csproj", "{b64a4bf4-b55b-9725-9363-f597be10141b}"
EndProject
Project("{FAE04EC0-301F-11D3-BF4B-00C04F79EFBC}") = "NativeGallery.Editor", "NativeGallery.Editor.csproj", "{30f1641a-f4b6-d550-2ad9-dda6d2b55629}"
EndProject
Project("{FAE04EC0-301F-11D3-BF4B-00C04F79EFBC}") = "NativeShare.Editor", "NativeShare.Editor.csproj", "{a7b986ea-776a-0442-5f32-5be81a1c9118}"
EndProject
Global
	GlobalSection(SolutionConfigurationPlatforms) = preSolution
		Debug|Any CPU = Debug|Any CPU
	EndGlobalSection
	GlobalSection(ProjectConfigurationPlatforms) = postSolution
		{95c9676e-ef91-99df-a5f3-b932ca51e5da}.Debug|Any CPU.ActiveCfg = Debug|Any CPU
		{95c9676e-ef91-99df-a5f3-b932ca51e5da}.Debug|Any CPU.Build.0 = Debug|Any CPU
		{be828418-2b71-8aac-4729-afd9b917b76f}.Debug|Any CPU.ActiveCfg = Debug|Any CPU
		{be828418-2b71-8aac-4729-afd9b917b76f}.Debug|Any CPU.Build.0 = Debug|Any CPU
		{057df5e2-9079-26e5-b742-7cbbae884a3b}.Debug|Any CPU.ActiveCfg = Debug|Any CPU
		{057df5e2-9079-26e5-b742-7cbbae884a3b}.Debug|Any CPU.Build.0 = Debug|Any CPU
		{8a26fe12-0cfe-5d5b-e5a2-5e05b86d78f9}.Debug|Any CPU.ActiveCfg = Debug|Any CPU
		{8a26fe12-0cfe-5d5b-e5a2-5e05b86d78f9}.Debug|Any CPU.Build.0 = Debug|Any CPU
		{b64a4bf4-b55b-9725-9363-f597be10141b}.Debug|Any CPU.ActiveCfg = Debug|Any CPU
		{b64a4bf4-b55b-9725-9363-f597be10141b}.Debug|Any CPU.Build.0 = Debug|Any CPU
		{30f1641a-f4b6-d550-2ad9-dda6d2b55629}.Debug|Any CPU.ActiveCfg = Debug|Any CPU
		{30f1641a-f4b6-d550-2ad9-dda6d2b55629}.Debug|Any CPU.Build.0 = Debug|Any CPU
		{a7b986ea-776a-0442-5f32-5be81a1c9118}.Debug|Any CPU.ActiveCfg = Debug|Any CPU
		{a7b986ea-776a-0442-5f32-5be81a1c9118}.Debug|Any CPU.Build.0 = Debug|Any CPU
	EndGlobalSection
	GlobalSection(SolutionProperties) = preSolution
		HideSolutionNode = FALSE
	EndGlobalSection
EndGlobal
