
Microsoft Visual Studio Solution File, Format Version 11.00
# Visual Studio 2010
Project("{FAE04EC0-301F-11D3-BF4B-00C04F79EFBC}") = "UnityEngine.UI", "UnityEngine.UI.csproj", "{6A523551-6B2C-A7DE-B098-E5A85A9C5218}"
EndProject
Project("{FAE04EC0-301F-11D3-BF4B-00C04F79EFBC}") = "Assembly-CSharp", "Assembly-CSharp.csproj", "{6E67C995-91EF-DF99-A5F3-B932CA51E5DA}"
EndProject
Project("{FAE04EC0-301F-11D3-BF4B-00C04F79EFBC}") = "UnityEditor.UI", "UnityEditor.UI.csproj", "{E95DD98E-5BE6-1674-5365-A043700D0429}"
EndProject
Project("{FAE04EC0-301F-11D3-BF4B-00C04F79EFBC}") = "Assembly-CSharp-Editor", "Assembly-CSharp-Editor.csproj", "{12FE268A-FE0C-5B5D-E5A2-5E05B86D78F9}"
EndProject
Project("{FAE04EC0-301F-11D3-BF4B-00C04F79EFBC}") = "ScriptInspector", "ScriptInspector.csproj", "{F44B4AB6-5BB5-2597-9363-F597BE10141B}"
EndProject
Global
	GlobalSection(SolutionConfigurationPlatforms) = preSolution
		Debug|Any CPU = Debug|Any CPU
		Release|Any CPU = Release|Any CPU
	EndGlobalSection
	GlobalSection(ProjectConfigurationPlatforms) = postSolution
		{6A523551-6B2C-A7DE-B098-E5A85A9C5218}.Debug|Any CPU.ActiveCfg = Debug|Any CPU
		{6A523551-6B2C-A7DE-B098-E5A85A9C5218}.Debug|Any CPU.Build.0 = Debug|Any CPU
		{6A523551-6B2C-A7DE-B098-E5A85A9C5218}.Release|Any CPU.ActiveCfg = Release|Any CPU
		{6A523551-6B2C-A7DE-B098-E5A85A9C5218}.Release|Any CPU.Build.0 = Release|Any CPU
		{6E67C995-91EF-DF99-A5F3-B932CA51E5DA}.Debug|Any CPU.ActiveCfg = Debug|Any CPU
		{6E67C995-91EF-DF99-A5F3-B932CA51E5DA}.Debug|Any CPU.Build.0 = Debug|Any CPU
		{6E67C995-91EF-DF99-A5F3-B932CA51E5DA}.Release|Any CPU.ActiveCfg = Release|Any CPU
		{6E67C995-91EF-DF99-A5F3-B932CA51E5DA}.Release|Any CPU.Build.0 = Release|Any CPU
		{E95DD98E-5BE6-1674-5365-A043700D0429}.Debug|Any CPU.ActiveCfg = Debug|Any CPU
		{E95DD98E-5BE6-1674-5365-A043700D0429}.Debug|Any CPU.Build.0 = Debug|Any CPU
		{E95DD98E-5BE6-1674-5365-A043700D0429}.Release|Any CPU.ActiveCfg = Release|Any CPU
		{E95DD98E-5BE6-1674-5365-A043700D0429}.Release|Any CPU.Build.0 = Release|Any CPU
		{12FE268A-FE0C-5B5D-E5A2-5E05B86D78F9}.Debug|Any CPU.ActiveCfg = Debug|Any CPU
		{12FE268A-FE0C-5B5D-E5A2-5E05B86D78F9}.Debug|Any CPU.Build.0 = Debug|Any CPU
		{12FE268A-FE0C-5B5D-E5A2-5E05B86D78F9}.Release|Any CPU.ActiveCfg = Release|Any CPU
		{12FE268A-FE0C-5B5D-E5A2-5E05B86D78F9}.Release|Any CPU.Build.0 = Release|Any CPU
		{F44B4AB6-5BB5-2597-9363-F597BE10141B}.Debug|Any CPU.ActiveCfg = Debug|Any CPU
		{F44B4AB6-5BB5-2597-9363-F597BE10141B}.Debug|Any CPU.Build.0 = Debug|Any CPU
		{F44B4AB6-5BB5-2597-9363-F597BE10141B}.Release|Any CPU.ActiveCfg = Release|Any CPU
		{F44B4AB6-5BB5-2597-9363-F597BE10141B}.Release|Any CPU.Build.0 = Release|Any CPU
	EndGlobalSection
	GlobalSection(SolutionProperties) = preSolution
		HideSolutionNode = FALSE
	EndGlobalSection
EndGlobal
