
Microsoft Visual Studio Solution File, Format Version 11.00
# Visual Studio 2010
Project("{FAE04EC0-301F-11D3-BF4B-00C04F79EFBC}") = "Assembly-CSharp", "Assembly-CSharp.csproj", "{b3f21af4-6ad4-9279-f76a-e946c670fa5b}"
EndProject
Project("{FAE04EC0-301F-11D3-BF4B-00C04F79EFBC}") = "Assembly-CSharp-Editor", "Assembly-CSharp-Editor.csproj", "{37c18bab-5892-0a66-5988-3f421741eff9}"
EndProject
Project("{FAE04EC0-301F-11D3-BF4B-00C04F79EFBC}") = "ScriptInspector", "ScriptInspector.csproj", "{a504e83a-96a7-aebe-92ba-965fb12ffa03}"
EndProject
Global
	GlobalSection(SolutionConfigurationPlatforms) = preSolution
		Debug|Any CPU = Debug|Any CPU
	EndGlobalSection
	GlobalSection(ProjectConfigurationPlatforms) = postSolution
		{b3f21af4-6ad4-9279-f76a-e946c670fa5b}.Debug|Any CPU.ActiveCfg = Debug|Any CPU
		{b3f21af4-6ad4-9279-f76a-e946c670fa5b}.Debug|Any CPU.Build.0 = Debug|Any CPU
		{37c18bab-5892-0a66-5988-3f421741eff9}.Debug|Any CPU.ActiveCfg = Debug|Any CPU
		{37c18bab-5892-0a66-5988-3f421741eff9}.Debug|Any CPU.Build.0 = Debug|Any CPU
		{a504e83a-96a7-aebe-92ba-965fb12ffa03}.Debug|Any CPU.ActiveCfg = Debug|Any CPU
		{a504e83a-96a7-aebe-92ba-965fb12ffa03}.Debug|Any CPU.Build.0 = Debug|Any CPU
	EndGlobalSection
	GlobalSection(SolutionProperties) = preSolution
		HideSolutionNode = FALSE
	EndGlobalSection
EndGlobal
